{"is_source_file": false, "format": "", "description": "", "external_files": [], "external_methods": [], "published": [], "classes": [], "methods": [], "calls": [], "search-terms": [], "state": 2, "file_id": 14, "knowledge_revision": 163, "git_revision": "", "hash": "9f42bce1d4dc9e7e829c0e9d19887ec4", "format-version": 4, "code-base-name": "default", "filename": "colorflip/macos/Runner.xcodeproj/xcshareddata/xcschemes/Runner.xcscheme", "revision_history": [{"163": ""}]}