{"is_source_file": false, "format": "", "description": "", "external_files": [], "external_methods": [], "published": [], "classes": [], "methods": [], "calls": [], "search-terms": [], "state": 2, "file_id": 16, "knowledge_revision": 165, "git_revision": "", "hash": "9728cc56d17ba6bad936cc7e04745eda", "format-version": 4, "code-base-name": "default", "filename": "colorflip/macos/Runner.xcodeproj/project.pbxproj", "revision_history": [{"165": ""}]}